
Microsoft Visual Studio Solution File, Format Version 12.00
Project("{FAE04EC0-301F-11D3-BF4B-00C04F79EFBC}") = "BloodDonationweb", "BloodDonationweb\BloodDonationweb.csproj", "{3C5DDAA5-875A-4AF1-9C1E-43EFDF5D7C3B}"
EndProject
Global
	GlobalSection(SolutionConfigurationPlatforms) = preSolution
		Debug|Any CPU = Debug|Any CPU
		Release|Any CPU = Release|Any CPU
	EndGlobalSection
	GlobalSection(ProjectConfigurationPlatforms) = postSolution
		{3C5DDAA5-875A-4AF1-9C1E-43EFDF5D7C3B}.Debug|Any CPU.ActiveCfg = Debug|Any CPU
		{3C5DDAA5-875A-4AF1-9C1E-43EFDF5D7C3B}.Debug|Any CPU.Build.0 = Debug|Any CPU
		{3C5DDAA5-875A-4AF1-9C1E-43EFDF5D7C3B}.Release|Any CPU.ActiveCfg = Release|Any CPU
		{3C5DDAA5-875A-4AF1-9C1E-43EFDF5D7C3B}.Release|Any CPU.Build.0 = Release|Any CPU
	EndGlobalSection
EndGlobal
